
Microsoft Visual Studio Solution File, Format Version 12.00
# Visual Studio 15
VisualStudioVersion = 15.0.26730.3
MinimumVisualStudioVersion = 10.0.40219.1
Project("{2150E333-8FDC-42A3-9474-1A3956D46DE8}") = "Sandbox", "Sandbox", "{E013381A-6F3A-4E03-A0B4-8E932D5E4E28}"
EndProject
Project("{39E2626F-3545-4960-A6E8-258AD8476CE5}") = "Sandbox.Packaging", "Sandbox\Sandbox.Packaging\Sandbox.Packaging.androidproj", "{9477350C-0756-4C4E-8CE8-200A16C52124}"
EndProject
Project("{8BC9CEB8-8B4A-11D0-8D11-00A0C91BC942}") = "Sandbox.NativeActivity", "Sandbox\Sandbox.NativeActivity\Sandbox.NativeActivity.vcxproj", "{21F007F3-B515-4E36-9844-0B3D5BC6448F}"
	ProjectSection(ProjectDependencies) = postProject
		{54871B99-EB04-475C-AAF0-217497430EFB} = {54871B99-EB04-475C-AAF0-217497430EFB}
	EndProjectSection
EndProject
Project("{8BC9CEB8-8B4A-11D0-8D11-00A0C91BC942}") = "DankEngine", "DankEngine\DankEngine.vcxproj", "{54871B99-EB04-475C-AAF0-217497430EFB}"
EndProject
Project("{2150E333-8FDC-42A3-9474-1A3956D46DE8}") = "Engine", "Engine", "{E092648F-F220-430D-9F47-F83AAC81B5C2}"
EndProject
Project("{2150E333-8FDC-42A3-9474-1A3956D46DE8}") = "Dependencies", "Dependencies", "{12CBB628-9769-4E63-94CF-3854304E81AF}"
EndProject
Project("{8BC9CEB8-8B4A-11D0-8D11-00A0C91BC942}") = "FreeType", "Dependencies\FreeType\FreeType.vcxproj", "{1290CA4C-6E1D-4C2F-B094-D2A20F8FE7FA}"
EndProject
Project("{8BC9CEB8-8B4A-11D0-8D11-00A0C91BC942}") = "FreeType-GL", "Dependencies\FreeType-GL\FreeType-GL.vcxproj", "{E0172772-C67D-4E7C-B9BD-17141B03F28D}"
EndProject
Project("{8BC9CEB8-8B4A-11D0-8D11-00A0C91BC942}") = "STB_Image", "Dependencies\STB_Image\STB_Image.vcxproj", "{2FE480C9-E056-4C25-9B24-4D0E465508AE}"
EndProject
Global
	GlobalSection(SolutionConfigurationPlatforms) = preSolution
		Debug|ARM = Debug|ARM
		Debug|ARM64 = Debug|ARM64
		Debug|x64 = Debug|x64
		Debug|x86 = Debug|x86
		Release|ARM = Release|ARM
		Release|ARM64 = Release|ARM64
		Release|x64 = Release|x64
		Release|x86 = Release|x86
	EndGlobalSection
	GlobalSection(ProjectConfigurationPlatforms) = postSolution
		{9477350C-0756-4C4E-8CE8-200A16C52124}.Debug|ARM.ActiveCfg = Debug|ARM
		{9477350C-0756-4C4E-8CE8-200A16C52124}.Debug|ARM.Build.0 = Debug|ARM
		{9477350C-0756-4C4E-8CE8-200A16C52124}.Debug|ARM.Deploy.0 = Debug|ARM
		{9477350C-0756-4C4E-8CE8-200A16C52124}.Debug|ARM64.ActiveCfg = Debug|ARM64
		{9477350C-0756-4C4E-8CE8-200A16C52124}.Debug|ARM64.Build.0 = Debug|ARM64
		{9477350C-0756-4C4E-8CE8-200A16C52124}.Debug|ARM64.Deploy.0 = Debug|ARM64
		{9477350C-0756-4C4E-8CE8-200A16C52124}.Debug|x64.ActiveCfg = Debug|x64
		{9477350C-0756-4C4E-8CE8-200A16C52124}.Debug|x64.Build.0 = Debug|x64
		{9477350C-0756-4C4E-8CE8-200A16C52124}.Debug|x64.Deploy.0 = Debug|x64
		{9477350C-0756-4C4E-8CE8-200A16C52124}.Debug|x86.ActiveCfg = Debug|x86
		{9477350C-0756-4C4E-8CE8-200A16C52124}.Debug|x86.Build.0 = Debug|x86
		{9477350C-0756-4C4E-8CE8-200A16C52124}.Debug|x86.Deploy.0 = Debug|x86
		{9477350C-0756-4C4E-8CE8-200A16C52124}.Release|ARM.ActiveCfg = Release|ARM
		{9477350C-0756-4C4E-8CE8-200A16C52124}.Release|ARM.Build.0 = Release|ARM
		{9477350C-0756-4C4E-8CE8-200A16C52124}.Release|ARM.Deploy.0 = Release|ARM
		{9477350C-0756-4C4E-8CE8-200A16C52124}.Release|ARM64.ActiveCfg = Release|ARM64
		{9477350C-0756-4C4E-8CE8-200A16C52124}.Release|ARM64.Build.0 = Release|ARM64
		{9477350C-0756-4C4E-8CE8-200A16C52124}.Release|ARM64.Deploy.0 = Release|ARM64
		{9477350C-0756-4C4E-8CE8-200A16C52124}.Release|x64.ActiveCfg = Release|x64
		{9477350C-0756-4C4E-8CE8-200A16C52124}.Release|x64.Build.0 = Release|x64
		{9477350C-0756-4C4E-8CE8-200A16C52124}.Release|x64.Deploy.0 = Release|x64
		{9477350C-0756-4C4E-8CE8-200A16C52124}.Release|x86.ActiveCfg = Release|x86
		{9477350C-0756-4C4E-8CE8-200A16C52124}.Release|x86.Build.0 = Release|x86
		{9477350C-0756-4C4E-8CE8-200A16C52124}.Release|x86.Deploy.0 = Release|x86
		{21F007F3-B515-4E36-9844-0B3D5BC6448F}.Debug|ARM.ActiveCfg = Debug|ARM
		{21F007F3-B515-4E36-9844-0B3D5BC6448F}.Debug|ARM.Build.0 = Debug|ARM
		{21F007F3-B515-4E36-9844-0B3D5BC6448F}.Debug|ARM64.ActiveCfg = Debug|ARM64
		{21F007F3-B515-4E36-9844-0B3D5BC6448F}.Debug|ARM64.Build.0 = Debug|ARM64
		{21F007F3-B515-4E36-9844-0B3D5BC6448F}.Debug|x64.ActiveCfg = Debug|x64
		{21F007F3-B515-4E36-9844-0B3D5BC6448F}.Debug|x64.Build.0 = Debug|x64
		{21F007F3-B515-4E36-9844-0B3D5BC6448F}.Debug|x86.ActiveCfg = Debug|x86
		{21F007F3-B515-4E36-9844-0B3D5BC6448F}.Debug|x86.Build.0 = Debug|x86
		{21F007F3-B515-4E36-9844-0B3D5BC6448F}.Release|ARM.ActiveCfg = Release|ARM
		{21F007F3-B515-4E36-9844-0B3D5BC6448F}.Release|ARM.Build.0 = Release|ARM
		{21F007F3-B515-4E36-9844-0B3D5BC6448F}.Release|ARM64.ActiveCfg = Release|ARM64
		{21F007F3-B515-4E36-9844-0B3D5BC6448F}.Release|ARM64.Build.0 = Release|ARM64
		{21F007F3-B515-4E36-9844-0B3D5BC6448F}.Release|x64.ActiveCfg = Release|x64
		{21F007F3-B515-4E36-9844-0B3D5BC6448F}.Release|x64.Build.0 = Release|x64
		{21F007F3-B515-4E36-9844-0B3D5BC6448F}.Release|x86.ActiveCfg = Release|x86
		{21F007F3-B515-4E36-9844-0B3D5BC6448F}.Release|x86.Build.0 = Release|x86
		{54871B99-EB04-475C-AAF0-217497430EFB}.Debug|ARM.ActiveCfg = Debug|ARM
		{54871B99-EB04-475C-AAF0-217497430EFB}.Debug|ARM.Build.0 = Debug|ARM
		{54871B99-EB04-475C-AAF0-217497430EFB}.Debug|ARM64.ActiveCfg = Debug|ARM64
		{54871B99-EB04-475C-AAF0-217497430EFB}.Debug|ARM64.Build.0 = Debug|ARM64
		{54871B99-EB04-475C-AAF0-217497430EFB}.Debug|x64.ActiveCfg = Debug|x64
		{54871B99-EB04-475C-AAF0-217497430EFB}.Debug|x64.Build.0 = Debug|x64
		{54871B99-EB04-475C-AAF0-217497430EFB}.Debug|x86.ActiveCfg = Debug|x86
		{54871B99-EB04-475C-AAF0-217497430EFB}.Debug|x86.Build.0 = Debug|x86
		{54871B99-EB04-475C-AAF0-217497430EFB}.Release|ARM.ActiveCfg = Release|ARM
		{54871B99-EB04-475C-AAF0-217497430EFB}.Release|ARM.Build.0 = Release|ARM
		{54871B99-EB04-475C-AAF0-217497430EFB}.Release|ARM64.ActiveCfg = Release|ARM64
		{54871B99-EB04-475C-AAF0-217497430EFB}.Release|ARM64.Build.0 = Release|ARM64
		{54871B99-EB04-475C-AAF0-217497430EFB}.Release|x64.ActiveCfg = Release|x64
		{54871B99-EB04-475C-AAF0-217497430EFB}.Release|x64.Build.0 = Release|x64
		{54871B99-EB04-475C-AAF0-217497430EFB}.Release|x86.ActiveCfg = Release|x86
		{54871B99-EB04-475C-AAF0-217497430EFB}.Release|x86.Build.0 = Release|x86
		{1290CA4C-6E1D-4C2F-B094-D2A20F8FE7FA}.Debug|ARM.ActiveCfg = Debug|ARM
		{1290CA4C-6E1D-4C2F-B094-D2A20F8FE7FA}.Debug|ARM.Build.0 = Debug|ARM
		{1290CA4C-6E1D-4C2F-B094-D2A20F8FE7FA}.Debug|ARM64.ActiveCfg = Debug|ARM64
		{1290CA4C-6E1D-4C2F-B094-D2A20F8FE7FA}.Debug|ARM64.Build.0 = Debug|ARM64
		{1290CA4C-6E1D-4C2F-B094-D2A20F8FE7FA}.Debug|x64.ActiveCfg = Debug|x86
		{1290CA4C-6E1D-4C2F-B094-D2A20F8FE7FA}.Debug|x86.ActiveCfg = Debug|x86
		{1290CA4C-6E1D-4C2F-B094-D2A20F8FE7FA}.Debug|x86.Build.0 = Debug|x86
		{1290CA4C-6E1D-4C2F-B094-D2A20F8FE7FA}.Release|ARM.ActiveCfg = Release|ARM
		{1290CA4C-6E1D-4C2F-B094-D2A20F8FE7FA}.Release|ARM.Build.0 = Release|ARM
		{1290CA4C-6E1D-4C2F-B094-D2A20F8FE7FA}.Release|ARM64.ActiveCfg = Release|ARM64
		{1290CA4C-6E1D-4C2F-B094-D2A20F8FE7FA}.Release|ARM64.Build.0 = Release|ARM64
		{1290CA4C-6E1D-4C2F-B094-D2A20F8FE7FA}.Release|x64.ActiveCfg = Release|x86
		{1290CA4C-6E1D-4C2F-B094-D2A20F8FE7FA}.Release|x86.ActiveCfg = Release|x86
		{1290CA4C-6E1D-4C2F-B094-D2A20F8FE7FA}.Release|x86.Build.0 = Release|x86
		{E0172772-C67D-4E7C-B9BD-17141B03F28D}.Debug|ARM.ActiveCfg = Debug|ARM
		{E0172772-C67D-4E7C-B9BD-17141B03F28D}.Debug|ARM.Build.0 = Debug|ARM
		{E0172772-C67D-4E7C-B9BD-17141B03F28D}.Debug|ARM64.ActiveCfg = Debug|ARM64
		{E0172772-C67D-4E7C-B9BD-17141B03F28D}.Debug|ARM64.Build.0 = Debug|ARM64
		{E0172772-C67D-4E7C-B9BD-17141B03F28D}.Debug|x64.ActiveCfg = Debug|x64
		{E0172772-C67D-4E7C-B9BD-17141B03F28D}.Debug|x64.Build.0 = Debug|x64
		{E0172772-C67D-4E7C-B9BD-17141B03F28D}.Debug|x86.ActiveCfg = Debug|x86
		{E0172772-C67D-4E7C-B9BD-17141B03F28D}.Debug|x86.Build.0 = Debug|x86
		{E0172772-C67D-4E7C-B9BD-17141B03F28D}.Release|ARM.ActiveCfg = Release|ARM
		{E0172772-C67D-4E7C-B9BD-17141B03F28D}.Release|ARM.Build.0 = Release|ARM
		{E0172772-C67D-4E7C-B9BD-17141B03F28D}.Release|ARM64.ActiveCfg = Release|ARM64
		{E0172772-C67D-4E7C-B9BD-17141B03F28D}.Release|ARM64.Build.0 = Release|ARM64
		{E0172772-C67D-4E7C-B9BD-17141B03F28D}.Release|x64.ActiveCfg = Release|x64
		{E0172772-C67D-4E7C-B9BD-17141B03F28D}.Release|x64.Build.0 = Release|x64
		{E0172772-C67D-4E7C-B9BD-17141B03F28D}.Release|x86.ActiveCfg = Release|x86
		{E0172772-C67D-4E7C-B9BD-17141B03F28D}.Release|x86.Build.0 = Release|x86
		{2FE480C9-E056-4C25-9B24-4D0E465508AE}.Debug|ARM.ActiveCfg = Debug|ARM
		{2FE480C9-E056-4C25-9B24-4D0E465508AE}.Debug|ARM.Build.0 = Debug|ARM
		{2FE480C9-E056-4C25-9B24-4D0E465508AE}.Debug|ARM64.ActiveCfg = Debug|ARM64
		{2FE480C9-E056-4C25-9B24-4D0E465508AE}.Debug|ARM64.Build.0 = Debug|ARM64
		{2FE480C9-E056-4C25-9B24-4D0E465508AE}.Debug|x64.ActiveCfg = Debug|x64
		{2FE480C9-E056-4C25-9B24-4D0E465508AE}.Debug|x64.Build.0 = Debug|x64
		{2FE480C9-E056-4C25-9B24-4D0E465508AE}.Debug|x86.ActiveCfg = Debug|x86
		{2FE480C9-E056-4C25-9B24-4D0E465508AE}.Debug|x86.Build.0 = Debug|x86
		{2FE480C9-E056-4C25-9B24-4D0E465508AE}.Release|ARM.ActiveCfg = Release|ARM
		{2FE480C9-E056-4C25-9B24-4D0E465508AE}.Release|ARM.Build.0 = Release|ARM
		{2FE480C9-E056-4C25-9B24-4D0E465508AE}.Release|ARM64.ActiveCfg = Release|ARM64
		{2FE480C9-E056-4C25-9B24-4D0E465508AE}.Release|ARM64.Build.0 = Release|ARM64
		{2FE480C9-E056-4C25-9B24-4D0E465508AE}.Release|x64.ActiveCfg = Release|x64
		{2FE480C9-E056-4C25-9B24-4D0E465508AE}.Release|x64.Build.0 = Release|x64
		{2FE480C9-E056-4C25-9B24-4D0E465508AE}.Release|x86.ActiveCfg = Release|x86
		{2FE480C9-E056-4C25-9B24-4D0E465508AE}.Release|x86.Build.0 = Release|x86
	EndGlobalSection
	GlobalSection(SolutionProperties) = preSolution
		HideSolutionNode = FALSE
	EndGlobalSection
	GlobalSection(NestedProjects) = preSolution
		{9477350C-0756-4C4E-8CE8-200A16C52124} = {E013381A-6F3A-4E03-A0B4-8E932D5E4E28}
		{21F007F3-B515-4E36-9844-0B3D5BC6448F} = {E013381A-6F3A-4E03-A0B4-8E932D5E4E28}
		{54871B99-EB04-475C-AAF0-217497430EFB} = {E092648F-F220-430D-9F47-F83AAC81B5C2}
		{12CBB628-9769-4E63-94CF-3854304E81AF} = {E092648F-F220-430D-9F47-F83AAC81B5C2}
		{1290CA4C-6E1D-4C2F-B094-D2A20F8FE7FA} = {12CBB628-9769-4E63-94CF-3854304E81AF}
		{E0172772-C67D-4E7C-B9BD-17141B03F28D} = {12CBB628-9769-4E63-94CF-3854304E81AF}
		{2FE480C9-E056-4C25-9B24-4D0E465508AE} = {12CBB628-9769-4E63-94CF-3854304E81AF}
	EndGlobalSection
	GlobalSection(ExtensibilityGlobals) = postSolution
		SolutionGuid = {ACE4871D-D252-4446-AE2D-D1FF5EC44AD1}
	EndGlobalSection
EndGlobal
